// !$*UTF8*$!
{
	archiveVersion = 1;
	classes = {
	};
	objectVersion = 50;
	objects = {

/* Begin PBXBuildFile section */
		6F32F6BB3E0F197CCD5AE0A5 /* Pods_BrowserPhotos.framework in Frameworks */ = {isa = PBXBuildFile; fileRef = EE949B71B2BC131A28E40D1F /* Pods_BrowserPhotos.framework */; };
		AC806F8E21EF1D0500FBCC81 /* AppDelegate.m in Sources */ = {isa = PBXBuildFile; fileRef = AC806F8D21EF1D0500FBCC81 /* AppDelegate.m */; };
		AC806F9121EF1D0500FBCC81 /* ViewController.m in Sources */ = {isa = PBXBuildFile; fileRef = AC806F9021EF1D0500FBCC81 /* ViewController.m */; };
		AC806F9421EF1D0500FBCC81 /* Main.storyboard in Resources */ = {isa = PBXBuildFile; fileRef = AC806F9221EF1D0500FBCC81 /* Main.storyboard */; };
		AC806F9621EF1D0700FBCC81 /* Assets.xcassets in Resources */ = {isa = PBXBuildFile; fileRef = AC806F9521EF1D0700FBCC81 /* Assets.xcassets */; };
		AC806F9921EF1D0700FBCC81 /* LaunchScreen.storyboard in Resources */ = {isa = PBXBuildFile; fileRef = AC806F9721EF1D0700FBCC81 /* LaunchScreen.storyboard */; };
		AC806F9C21EF1D0700FBCC81 /* main.m in Sources */ = {isa = PBXBuildFile; fileRef = AC806F9B21EF1D0700FBCC81 /* main.m */; };
		AC806FB121EF1D1C00FBCC81 /* JSShuffingPictureCollectionViewCell.m in Sources */ = {isa = PBXBuildFile; fileRef = AC806FA421EF1D1C00FBCC81 /* JSShuffingPictureCollectionViewCell.m */; };
		AC806FB221EF1D1C00FBCC81 /* RepairBrowserPhotoCollectionViewCell.m in Sources */ = {isa = PBXBuildFile; fileRef = AC806FA521EF1D1C00FBCC81 /* RepairBrowserPhotoCollectionViewCell.m */; };
		AC806FB321EF1D1C00FBCC81 /* JSShuffingPictureView.m in Sources */ = {isa = PBXBuildFile; fileRef = AC806FA621EF1D1C00FBCC81 /* JSShuffingPictureView.m */; };
		AC806FB421EF1D1C00FBCC81 /* RepairBrowserPhotoCollectionViewCell.xib in Resources */ = {isa = PBXBuildFile; fileRef = AC806FA721EF1D1C00FBCC81 /* RepairBrowserPhotoCollectionViewCell.xib */; };
		AC806FB521EF1D1C00FBCC81 /* JSShuffingPictureCollectionViewCell.xib in Resources */ = {isa = PBXBuildFile; fileRef = AC806FA821EF1D1C00FBCC81 /* JSShuffingPictureCollectionViewCell.xib */; };
		AC806FB621EF1D1C00FBCC81 /* JSShuffingPictureView.xib in Resources */ = {isa = PBXBuildFile; fileRef = AC806FAA21EF1D1C00FBCC81 /* JSShuffingPictureView.xib */; };
		AC806FB721EF1D1C00FBCC81 /* RepairBrowserPhotosViewController.xib in Resources */ = {isa = PBXBuildFile; fileRef = AC806FAE21EF1D1C00FBCC81 /* RepairBrowserPhotosViewController.xib */; };
		AC806FB821EF1D1C00FBCC81 /* RepairBrowserPhotosViewController.m in Sources */ = {isa = PBXBuildFile; fileRef = AC806FAF21EF1D1C00FBCC81 /* RepairBrowserPhotosViewController.m */; };
/* End PBXBuildFile section */

/* Begin PBXFileReference section */
		72ED9C0DB7517930455F2866 /* Pods-BrowserPhotos.debug.xcconfig */ = {isa = PBXFileReference; includeInIndex = 1; lastKnownFileType = text.xcconfig; name = "Pods-BrowserPhotos.debug.xcconfig"; path = "Pods/Target Support Files/Pods-BrowserPhotos/Pods-BrowserPhotos.debug.xcconfig"; sourceTree = "<group>"; };
		AC806F8921EF1D0500FBCC81 /* BrowserPhotos.app */ = {isa = PBXFileReference; explicitFileType = wrapper.application; includeInIndex = 0; path = BrowserPhotos.app; sourceTree = BUILT_PRODUCTS_DIR; };
		AC806F8C21EF1D0500FBCC81 /* AppDelegate.h */ = {isa = PBXFileReference; lastKnownFileType = sourcecode.c.h; path = AppDelegate.h; sourceTree = "<group>"; };
		AC806F8D21EF1D0500FBCC81 /* AppDelegate.m */ = {isa = PBXFileReference; lastKnownFileType = sourcecode.c.objc; path = AppDelegate.m; sourceTree = "<group>"; };
		AC806F8F21EF1D0500FBCC81 /* ViewController.h */ = {isa = PBXFileReference; lastKnownFileType = sourcecode.c.h; path = ViewController.h; sourceTree = "<group>"; };
		AC806F9021EF1D0500FBCC81 /* ViewController.m */ = {isa = PBXFileReference; lastKnownFileType = sourcecode.c.objc; path = ViewController.m; sourceTree = "<group>"; };
		AC806F9321EF1D0500FBCC81 /* Base */ = {isa = PBXFileReference; lastKnownFileType = file.storyboard; name = Base; path = Base.lproj/Main.storyboard; sourceTree = "<group>"; };
		AC806F9521EF1D0700FBCC81 /* Assets.xcassets */ = {isa = PBXFileReference; lastKnownFileType = folder.assetcatalog; path = Assets.xcassets; sourceTree = "<group>"; };
		AC806F9821EF1D0700FBCC81 /* Base */ = {isa = PBXFileReference; lastKnownFileType = file.storyboard; name = Base; path = Base.lproj/LaunchScreen.storyboard; sourceTree = "<group>"; };
		AC806F9A21EF1D0700FBCC81 /* Info.plist */ = {isa = PBXFileReference; lastKnownFileType = text.plist.xml; path = Info.plist; sourceTree = "<group>"; };
		AC806F9B21EF1D0700FBCC81 /* main.m */ = {isa = PBXFileReference; lastKnownFileType = sourcecode.c.objc; path = main.m; sourceTree = "<group>"; };
		AC806FA421EF1D1C00FBCC81 /* JSShuffingPictureCollectionViewCell.m */ = {isa = PBXFileReference; fileEncoding = 4; lastKnownFileType = sourcecode.c.objc; path = JSShuffingPictureCollectionViewCell.m; sourceTree = "<group>"; };
		AC806FA521EF1D1C00FBCC81 /* RepairBrowserPhotoCollectionViewCell.m */ = {isa = PBXFileReference; fileEncoding = 4; lastKnownFileType = sourcecode.c.objc; path = RepairBrowserPhotoCollectionViewCell.m; sourceTree = "<group>"; };
		AC806FA621EF1D1C00FBCC81 /* JSShuffingPictureView.m */ = {isa = PBXFileReference; fileEncoding = 4; lastKnownFileType = sourcecode.c.objc; path = JSShuffingPictureView.m; sourceTree = "<group>"; };
		AC806FA721EF1D1C00FBCC81 /* RepairBrowserPhotoCollectionViewCell.xib */ = {isa = PBXFileReference; fileEncoding = 4; lastKnownFileType = file.xib; path = RepairBrowserPhotoCollectionViewCell.xib; sourceTree = "<group>"; };
		AC806FA821EF1D1C00FBCC81 /* JSShuffingPictureCollectionViewCell.xib */ = {isa = PBXFileReference; fileEncoding = 4; lastKnownFileType = file.xib; path = JSShuffingPictureCollectionViewCell.xib; sourceTree = "<group>"; };
		AC806FA921EF1D1C00FBCC81 /* JSShuffingPictureCollectionViewCell.h */ = {isa = PBXFileReference; fileEncoding = 4; lastKnownFileType = sourcecode.c.h; path = JSShuffingPictureCollectionViewCell.h; sourceTree = "<group>"; };
		AC806FAA21EF1D1C00FBCC81 /* JSShuffingPictureView.xib */ = {isa = PBXFileReference; fileEncoding = 4; lastKnownFileType = file.xib; path = JSShuffingPictureView.xib; sourceTree = "<group>"; };
		AC806FAB21EF1D1C00FBCC81 /* JSShuffingPictureView.h */ = {isa = PBXFileReference; fileEncoding = 4; lastKnownFileType = sourcecode.c.h; path = JSShuffingPictureView.h; sourceTree = "<group>"; };
		AC806FAC21EF1D1C00FBCC81 /* RepairBrowserPhotoCollectionViewCell.h */ = {isa = PBXFileReference; fileEncoding = 4; lastKnownFileType = sourcecode.c.h; path = RepairBrowserPhotoCollectionViewCell.h; sourceTree = "<group>"; };
		AC806FAE21EF1D1C00FBCC81 /* RepairBrowserPhotosViewController.xib */ = {isa = PBXFileReference; fileEncoding = 4; lastKnownFileType = file.xib; path = RepairBrowserPhotosViewController.xib; sourceTree = "<group>"; };
		AC806FAF21EF1D1C00FBCC81 /* RepairBrowserPhotosViewController.m */ = {isa = PBXFileReference; fileEncoding = 4; lastKnownFileType = sourcecode.c.objc; path = RepairBrowserPhotosViewController.m; sourceTree = "<group>"; };
		AC806FB021EF1D1C00FBCC81 /* RepairBrowserPhotosViewController.h */ = {isa = PBXFileReference; fileEncoding = 4; lastKnownFileType = sourcecode.c.h; path = RepairBrowserPhotosViewController.h; sourceTree = "<group>"; };
		B827354B4D50164F1864E987 /* Pods-BrowserPhotos.release.xcconfig */ = {isa = PBXFileReference; includeInIndex = 1; lastKnownFileType = text.xcconfig; name = "Pods-BrowserPhotos.release.xcconfig"; path = "Pods/Target Support Files/Pods-BrowserPhotos/Pods-BrowserPhotos.release.xcconfig"; sourceTree = "<group>"; };
		EE949B71B2BC131A28E40D1F /* Pods_BrowserPhotos.framework */ = {isa = PBXFileReference; explicitFileType = wrapper.framework; includeInIndex = 0; path = Pods_BrowserPhotos.framework; sourceTree = BUILT_PRODUCTS_DIR; };
/* End PBXFileReference section */

/* Begin PBXFrameworksBuildPhase section */
		AC806F8621EF1D0500FBCC81 /* Frameworks */ = {
			isa = PBXFrameworksBuildPhase;
			buildActionMask = 2147483647;
			files = (
				6F32F6BB3E0F197CCD5AE0A5 /* Pods_BrowserPhotos.framework in Frameworks */,
			);
			runOnlyForDeploymentPostprocessing = 0;
		};
/* End PBXFrameworksBuildPhase section */

/* Begin PBXGroup section */
		AC806F8021EF1D0500FBCC81 = {
			isa = PBXGroup;
			children = (
				AC806F8B21EF1D0500FBCC81 /* BrowserPhotos */,
				AC806F8A21EF1D0500FBCC81 /* Products */,
				B3A69FA4F5C27FC51E5FD548 /* Pods */,
				E350412090FA74DB0D1C60C5 /* Frameworks */,
			);
			sourceTree = "<group>";
		};
		AC806F8A21EF1D0500FBCC81 /* Products */ = {
			isa = PBXGroup;
			children = (
				AC806F8921EF1D0500FBCC81 /* BrowserPhotos.app */,
			);
			name = Products;
			sourceTree = "<group>";
		};
		AC806F8B21EF1D0500FBCC81 /* BrowserPhotos */ = {
			isa = PBXGroup;
			children = (
				AC806FA221EF1D1C00FBCC81 /* BrowPhotoView */,
				AC806F8C21EF1D0500FBCC81 /* AppDelegate.h */,
				AC806F8D21EF1D0500FBCC81 /* AppDelegate.m */,
				AC806F8F21EF1D0500FBCC81 /* ViewController.h */,
				AC806F9021EF1D0500FBCC81 /* ViewController.m */,
				AC806F9221EF1D0500FBCC81 /* Main.storyboard */,
				AC806F9521EF1D0700FBCC81 /* Assets.xcassets */,
				AC806F9721EF1D0700FBCC81 /* LaunchScreen.storyboard */,
				AC806F9A21EF1D0700FBCC81 /* Info.plist */,
				AC806F9B21EF1D0700FBCC81 /* main.m */,
			);
			path = BrowserPhotos;
			sourceTree = "<group>";
		};
		AC806FA221EF1D1C00FBCC81 /* BrowPhotoView */ = {
			isa = PBXGroup;
			children = (
				AC806FA321EF1D1C00FBCC81 /* View */,
				AC806FAD21EF1D1C00FBCC81 /* ViewController */,
			);
			path = BrowPhotoView;
			sourceTree = "<group>";
		};
		AC806FA321EF1D1C00FBCC81 /* View */ = {
			isa = PBXGroup;
			children = (
				AC806FA421EF1D1C00FBCC81 /* JSShuffingPictureCollectionViewCell.m */,
				AC806FA521EF1D1C00FBCC81 /* RepairBrowserPhotoCollectionViewCell.m */,
				AC806FA621EF1D1C00FBCC81 /* JSShuffingPictureView.m */,
				AC806FA721EF1D1C00FBCC81 /* RepairBrowserPhotoCollectionViewCell.xib */,
				AC806FA821EF1D1C00FBCC81 /* JSShuffingPictureCollectionViewCell.xib */,
				AC806FA921EF1D1C00FBCC81 /* JSShuffingPictureCollectionViewCell.h */,
				AC806FAA21EF1D1C00FBCC81 /* JSShuffingPictureView.xib */,
				AC806FAB21EF1D1C00FBCC81 /* JSShuffingPictureView.h */,
				AC806FAC21EF1D1C00FBCC81 /* RepairBrowserPhotoCollectionViewCell.h */,
			);
			path = View;
			sourceTree = "<group>";
		};
		AC806FAD21EF1D1C00FBCC81 /* ViewController */ = {
			isa = PBXGroup;
			children = (
				AC806FAE21EF1D1C00FBCC81 /* RepairBrowserPhotosViewController.xib */,
				AC806FAF21EF1D1C00FBCC81 /* RepairBrowserPhotosViewController.m */,
				AC806FB021EF1D1C00FBCC81 /* RepairBrowserPhotosViewController.h */,
			);
			path = ViewController;
			sourceTree = "<group>";
		};
		B3A69FA4F5C27FC51E5FD548 /* Pods */ = {
			isa = PBXGroup;
			children = (
				72ED9C0DB7517930455F2866 /* Pods-BrowserPhotos.debug.xcconfig */,
				B827354B4D50164F1864E987 /* Pods-BrowserPhotos.release.xcconfig */,
			);
			name = Pods;
			sourceTree = "<group>";
		};
		E350412090FA74DB0D1C60C5 /* Frameworks */ = {
			isa = PBXGroup;
			children = (
				EE949B71B2BC131A28E40D1F /* Pods_BrowserPhotos.framework */,
			);
			name = Frameworks;
			sourceTree = "<group>";
		};
/* End PBXGroup section */

/* Begin PBXNativeTarget section */
		AC806F8821EF1D0500FBCC81 /* BrowserPhotos */ = {
			isa = PBXNativeTarget;
			buildConfigurationList = AC806F9F21EF1D0700FBCC81 /* Build configuration list for PBXNativeTarget "BrowserPhotos" */;
			buildPhases = (
				95B41689D6350B4E2CEC9BD4 /* [CP] Check Pods Manifest.lock */,
				AC806F8521EF1D0500FBCC81 /* Sources */,
				AC806F8621EF1D0500FBCC81 /* Frameworks */,
				AC806F8721EF1D0500FBCC81 /* Resources */,
				F5FCF1CEC6A6F9FD43C0C897 /* [CP] Embed Pods Frameworks */,
			);
			buildRules = (
			);
			dependencies = (
			);
			name = BrowserPhotos;
			productName = BrowserPhotos;
			productReference = AC806F8921EF1D0500FBCC81 /* BrowserPhotos.app */;
			productType = "com.apple.product-type.application";
		};
/* End PBXNativeTarget section */

/* Begin PBXProject section */
		AC806F8121EF1D0500FBCC81 /* Project object */ = {
			isa = PBXProject;
			attributes = {
				LastUpgradeCheck = 0930;
				ORGANIZATIONNAME = Liandi;
				TargetAttributes = {
					AC806F8821EF1D0500FBCC81 = {
						CreatedOnToolsVersion = 9.3;
					};
				};
			};
			buildConfigurationList = AC806F8421EF1D0500FBCC81 /* Build configuration list for PBXProject "BrowserPhotos" */;
			compatibilityVersion = "Xcode 9.3";
			developmentRegion = en;
			hasScannedForEncodings = 0;
			knownRegions = (
				en,
				Base,
			);
			mainGroup = AC806F8021EF1D0500FBCC81;
			productRefGroup = AC806F8A21EF1D0500FBCC81 /* Products */;
			projectDirPath = "";
			projectRoot = "";
			targets = (
				AC806F8821EF1D0500FBCC81 /* BrowserPhotos */,
			);
		};
/* End PBXProject section */

/* Begin PBXResourcesBuildPhase section */
		AC806F8721EF1D0500FBCC81 /* Resources */ = {
			isa = PBXResourcesBuildPhase;
			buildActionMask = 2147483647;
			files = (
				AC806FB621EF1D1C00FBCC81 /* JSShuffingPictureView.xib in Resources */,
				AC806FB521EF1D1C00FBCC81 /* JSShuffingPictureCollectionViewCell.xib in Resources */,
				AC806F9921EF1D0700FBCC81 /* LaunchScreen.storyboard in Resources */,
				AC806FB721EF1D1C00FBCC81 /* RepairBrowserPhotosViewController.xib in Resources */,
				AC806FB421EF1D1C00FBCC81 /* RepairBrowserPhotoCollectionViewCell.xib in Resources */,
				AC806F9621EF1D0700FBCC81 /* Assets.xcassets in Resources */,
				AC806F9421EF1D0500FBCC81 /* Main.storyboard in Resources */,
			);
			runOnlyForDeploymentPostprocessing = 0;
		};
/* End PBXResourcesBuildPhase section */

/* Begin PBXShellScriptBuildPhase section */
		95B41689D6350B4E2CEC9BD4 /* [CP] Check Pods Manifest.lock */ = {
			isa = PBXShellScriptBuildPhase;
			buildActionMask = 2147483647;
			files = (
			);
			inputPaths = (
				"${PODS_PODFILE_DIR_PATH}/Podfile.lock",
				"${PODS_ROOT}/Manifest.lock",
			);
			name = "[CP] Check Pods Manifest.lock";
			outputPaths = (
				"$(DERIVED_FILE_DIR)/Pods-BrowserPhotos-checkManifestLockResult.txt",
			);
			runOnlyForDeploymentPostprocessing = 0;
			shellPath = /bin/sh;
			shellScript = "diff \"${PODS_PODFILE_DIR_PATH}/Podfile.lock\" \"${PODS_ROOT}/Manifest.lock\" > /dev/null\nif [ $? != 0 ] ; then\n    # print error to STDERR\n    echo \"error: The sandbox is not in sync with the Podfile.lock. Run 'pod install' or update your CocoaPods installation.\" >&2\n    exit 1\nfi\n# This output is used by Xcode 'outputs' to avoid re-running this script phase.\necho \"SUCCESS\" > \"${SCRIPT_OUTPUT_FILE_0}\"\n";
			showEnvVarsInLog = 0;
		};
		F5FCF1CEC6A6F9FD43C0C897 /* [CP] Embed Pods Frameworks */ = {
			isa = PBXShellScriptBuildPhase;
			buildActionMask = 2147483647;
			files = (
			);
			inputPaths = (
				"${SRCROOT}/Pods/Target Support Files/Pods-BrowserPhotos/Pods-BrowserPhotos-frameworks.sh",
				"${BUILT_PRODUCTS_DIR}/SDWebImage/SDWebImage.framework",
			);
			name = "[CP] Embed Pods Frameworks";
			outputPaths = (
				"${TARGET_BUILD_DIR}/${FRAMEWORKS_FOLDER_PATH}/SDWebImage.framework",
			);
			runOnlyForDeploymentPostprocessing = 0;
			shellPath = /bin/sh;
			shellScript = "\"${SRCROOT}/Pods/Target Support Files/Pods-BrowserPhotos/Pods-BrowserPhotos-frameworks.sh\"\n";
			showEnvVarsInLog = 0;
		};
/* End PBXShellScriptBuildPhase section */

/* Begin PBXSourcesBuildPhase section */
		AC806F8521EF1D0500FBCC81 /* Sources */ = {
			isa = PBXSourcesBuildPhase;
			buildActionMask = 2147483647;
			files = (
				AC806FB321EF1D1C00FBCC81 /* JSShuffingPictureView.m in Sources */,
				AC806F9121EF1D0500FBCC81 /* ViewController.m in Sources */,
				AC806F9C21EF1D0700FBCC81 /* main.m in Sources */,
				AC806FB221EF1D1C00FBCC81 /* RepairBrowserPhotoCollectionViewCell.m in Sources */,
				AC806FB121EF1D1C00FBCC81 /* JSShuffingPictureCollectionViewCell.m in Sources */,
				AC806F8E21EF1D0500FBCC81 /* AppDelegate.m in Sources */,
				AC806FB821EF1D1C00FBCC81 /* RepairBrowserPhotosViewController.m in Sources */,
			);
			runOnlyForDeploymentPostprocessing = 0;
		};
/* End PBXSourcesBuildPhase section */

/* Begin PBXVariantGroup section */
		AC806F9221EF1D0500FBCC81 /* Main.storyboard */ = {
			isa = PBXVariantGroup;
			children = (
				AC806F9321EF1D0500FBCC81 /* Base */,
			);
			name = Main.storyboard;
			sourceTree = "<group>";
		};
		AC806F9721EF1D0700FBCC81 /* LaunchScreen.storyboard */ = {
			isa = PBXVariantGroup;
			children = (
				AC806F9821EF1D0700FBCC81 /* Base */,
			);
			name = LaunchScreen.storyboard;
			sourceTree = "<group>";
		};
/* End PBXVariantGroup section */

/* Begin XCBuildConfiguration section */
		AC806F9D21EF1D0700FBCC81 /* Debug */ = {
			isa = XCBuildConfiguration;
			buildSettings = {
				ALWAYS_SEARCH_USER_PATHS = NO;
				CLANG_ANALYZER_NONNULL = YES;
				CLANG_ANALYZER_NUMBER_OBJECT_CONVERSION = YES_AGGRESSIVE;
				CLANG_CXX_LANGUAGE_STANDARD = "gnu++14";
				CLANG_CXX_LIBRARY = "libc++";
				CLANG_ENABLE_MODULES = YES;
				CLANG_ENABLE_OBJC_ARC = YES;
				CLANG_ENABLE_OBJC_WEAK = YES;
				CLANG_WARN_BLOCK_CAPTURE_AUTORELEASING = YES;
				CLANG_WARN_BOOL_CONVERSION = YES;
				CLANG_WARN_COMMA = YES;
				CLANG_WARN_CONSTANT_CONVERSION = YES;
				CLANG_WARN_DEPRECATED_OBJC_IMPLEMENTATIONS = YES;
				CLANG_WARN_DIRECT_OBJC_ISA_USAGE = YES_ERROR;
				CLANG_WARN_DOCUMENTATION_COMMENTS = YES;
				CLANG_WARN_EMPTY_BODY = YES;
				CLANG_WARN_ENUM_CONVERSION = YES;
				CLANG_WARN_INFINITE_RECURSION = YES;
				CLANG_WARN_INT_CONVERSION = YES;
				CLANG_WARN_NON_LITERAL_NULL_CONVERSION = YES;
				CLANG_WARN_OBJC_IMPLICIT_RETAIN_SELF = YES;
				CLANG_WARN_OBJC_LITERAL_CONVERSION = YES;
				CLANG_WARN_OBJC_ROOT_CLASS = YES_ERROR;
				CLANG_WARN_RANGE_LOOP_ANALYSIS = YES;
				CLANG_WARN_STRICT_PROTOTYPES = YES;
				CLANG_WARN_SUSPICIOUS_MOVE = YES;
				CLANG_WARN_UNGUARDED_AVAILABILITY = YES_AGGRESSIVE;
				CLANG_WARN_UNREACHABLE_CODE = YES;
				CLANG_WARN__DUPLICATE_METHOD_MATCH = YES;
				CODE_SIGN_IDENTITY = "iPhone Developer";
				COPY_PHASE_STRIP = NO;
				DEBUG_INFORMATION_FORMAT = dwarf;
				ENABLE_STRICT_OBJC_MSGSEND = YES;
				ENABLE_TESTABILITY = YES;
				GCC_C_LANGUAGE_STANDARD = gnu11;
				GCC_DYNAMIC_NO_PIC = NO;
				GCC_NO_COMMON_BLOCKS = YES;
				GCC_OPTIMIZATION_LEVEL = 0;
				GCC_PREPROCESSOR_DEFINITIONS = (
					"DEBUG=1",
					"$(inherited)",
				);
				GCC_WARN_64_TO_32_BIT_CONVERSION = YES;
				GCC_WARN_ABOUT_RETURN_TYPE = YES_ERROR;
				GCC_WARN_UNDECLARED_SELECTOR = YES;
				GCC_WARN_UNINITIALIZED_AUTOS = YES_AGGRESSIVE;
				GCC_WARN_UNUSED_FUNCTION = YES;
				GCC_WARN_UNUSED_VARIABLE = YES;
				IPHONEOS_DEPLOYMENT_TARGET = 11.3;
				MTL_ENABLE_DEBUG_INFO = YES;
				ONLY_ACTIVE_ARCH = YES;
				SDKROOT = iphoneos;
			};
			name = Debug;
		};
		AC806F9E21EF1D0700FBCC81 /* Release */ = {
			isa = XCBuildConfiguration;
			buildSettings = {
				ALWAYS_SEARCH_USER_PATHS = NO;
				CLANG_ANALYZER_NONNULL = YES;
				CLANG_ANALYZER_NUMBER_OBJECT_CONVERSION = YES_AGGRESSIVE;
				CLANG_CXX_LANGUAGE_STANDARD = "gnu++14";
				CLANG_CXX_LIBRARY = "libc++";
				CLANG_ENABLE_MODULES = YES;
				CLANG_ENABLE_OBJC_ARC = YES;
				CLANG_ENABLE_OBJC_WEAK = YES;
				CLANG_WARN_BLOCK_CAPTURE_AUTORELEASING = YES;
				CLANG_WARN_BOOL_CONVERSION = YES;
				CLANG_WARN_COMMA = YES;
				CLANG_WARN_CONSTANT_CONVERSION = YES;
				CLANG_WARN_DEPRECATED_OBJC_IMPLEMENTATIONS = YES;
				CLANG_WARN_DIRECT_OBJC_ISA_USAGE = YES_ERROR;
				CLANG_WARN_DOCUMENTATION_COMMENTS = YES;
				CLANG_WARN_EMPTY_BODY = YES;
				CLANG_WARN_ENUM_CONVERSION = YES;
				CLANG_WARN_INFINITE_RECURSION = YES;
				CLANG_WARN_INT_CONVERSION = YES;
				CLANG_WARN_NON_LITERAL_NULL_CONVERSION = YES;
				CLANG_WARN_OBJC_IMPLICIT_RETAIN_SELF = YES;
				CLANG_WARN_OBJC_LITERAL_CONVERSION = YES;
				CLANG_WARN_OBJC_ROOT_CLASS = YES_ERROR;
				CLANG_WARN_RANGE_LOOP_ANALYSIS = YES;
				CLANG_WARN_STRICT_PROTOTYPES = YES;
				CLANG_WARN_SUSPICIOUS_MOVE = YES;
				CLANG_WARN_UNGUARDED_AVAILABILITY = YES_AGGRESSIVE;
				CLANG_WARN_UNREACHABLE_CODE = YES;
				CLANG_WARN__DUPLICATE_METHOD_MATCH = YES;
				CODE_SIGN_IDENTITY = "iPhone Developer";
				COPY_PHASE_STRIP = NO;
				DEBUG_INFORMATION_FORMAT = "dwarf-with-dsym";
				ENABLE_NS_ASSERTIONS = NO;
				ENABLE_STRICT_OBJC_MSGSEND = YES;
				GCC_C_LANGUAGE_STANDARD = gnu11;
				GCC_NO_COMMON_BLOCKS = YES;
				GCC_WARN_64_TO_32_BIT_CONVERSION = YES;
				GCC_WARN_ABOUT_RETURN_TYPE = YES_ERROR;
				GCC_WARN_UNDECLARED_SELECTOR = YES;
				GCC_WARN_UNINITIALIZED_AUTOS = YES_AGGRESSIVE;
				GCC_WARN_UNUSED_FUNCTION = YES;
				GCC_WARN_UNUSED_VARIABLE = YES;
				IPHONEOS_DEPLOYMENT_TARGET = 11.3;
				MTL_ENABLE_DEBUG_INFO = NO;
				SDKROOT = iphoneos;
				VALIDATE_PRODUCT = YES;
			};
			name = Release;
		};
		AC806FA021EF1D0700FBCC81 /* Debug */ = {
			isa = XCBuildConfiguration;
			baseConfigurationReference = 72ED9C0DB7517930455F2866 /* Pods-BrowserPhotos.debug.xcconfig */;
			buildSettings = {
				ASSETCATALOG_COMPILER_APPICON_NAME = AppIcon;
				CODE_SIGN_STYLE = Automatic;
				DEVELOPMENT_TEAM = 55MA3A96DS;
				INFOPLIST_FILE = BrowserPhotos/Info.plist;
				LD_RUNPATH_SEARCH_PATHS = "$(inherited) @executable_path/Frameworks";
				PRODUCT_BUNDLE_IDENTIFIER = ld.liandi.BrowserPhotos;
				PRODUCT_NAME = "$(TARGET_NAME)";
				TARGETED_DEVICE_FAMILY = "1,2";
			};
			name = Debug;
		};
		AC806FA121EF1D0700FBCC81 /* Release */ = {
			isa = XCBuildConfiguration;
			baseConfigurationReference = B827354B4D50164F1864E987 /* Pods-BrowserPhotos.release.xcconfig */;
			buildSettings = {
				ASSETCATALOG_COMPILER_APPICON_NAME = AppIcon;
				CODE_SIGN_STYLE = Automatic;
				DEVELOPMENT_TEAM = 55MA3A96DS;
				INFOPLIST_FILE = BrowserPhotos/Info.plist;
				LD_RUNPATH_SEARCH_PATHS = "$(inherited) @executable_path/Frameworks";
				PRODUCT_BUNDLE_IDENTIFIER = ld.liandi.BrowserPhotos;
				PRODUCT_NAME = "$(TARGET_NAME)";
				TARGETED_DEVICE_FAMILY = "1,2";
			};
			name = Release;
		};
/* End XCBuildConfiguration section */

/* Begin XCConfigurationList section */
		AC806F8421EF1D0500FBCC81 /* Build configuration list for PBXProject "BrowserPhotos" */ = {
			isa = XCConfigurationList;
			buildConfigurations = (
				AC806F9D21EF1D0700FBCC81 /* Debug */,
				AC806F9E21EF1D0700FBCC81 /* Release */,
			);
			defaultConfigurationIsVisible = 0;
			defaultConfigurationName = Release;
		};
		AC806F9F21EF1D0700FBCC81 /* Build configuration list for PBXNativeTarget "BrowserPhotos" */ = {
			isa = XCConfigurationList;
			buildConfigurations = (
				AC806FA021EF1D0700FBCC81 /* Debug */,
				AC806FA121EF1D0700FBCC81 /* Release */,
			);
			defaultConfigurationIsVisible = 0;
			defaultConfigurationName = Release;
		};
/* End XCConfigurationList section */
	};
	rootObject = AC806F8121EF1D0500FBCC81 /* Project object */;
}
